
Microsoft Visual Studio Solution File, Format Version 12.00
# Visual Studio 15
VisualStudioVersion = 15.0.26228.9
MinimumVisualStudioVersion = 10.0.40219.1
Project("{2150E333-8FDC-42A3-9474-1A3956D46DE8}") = "Solution Items", "Solution Items", "{8A06ABB2-F37F-4C31-9895-B6DACDFA7F6F}"
	ProjectSection(SolutionItems) = preProject
		.gitattributes = .gitattributes
		.gitignore = .gitignore
		LICENSE = LICENSE
		README.MD = README.MD
	EndProjectSection
EndProject
Project("{FAE04EC0-301F-11D3-BF4B-00C04F79EFBC}") = "DotNet3dsToolkit", "DotNet3dsToolkit\DotNet3dsToolkit.csproj", "{F72046EE-518D-485C-B256-2AF3E9465CE1}"
EndProject
Global
	GlobalSection(SolutionConfigurationPlatforms) = preSolution
		Debug|Any CPU = Debug|Any CPU
		Release|Any CPU = Release|Any CPU
	EndGlobalSection
	GlobalSection(ProjectConfigurationPlatforms) = postSolution
		{F72046EE-518D-485C-B256-2AF3E9465CE1}.Debug|Any CPU.ActiveCfg = Debug|Any CPU
		{F72046EE-518D-485C-B256-2AF3E9465CE1}.Debug|Any CPU.Build.0 = Debug|Any CPU
		{F72046EE-518D-485C-B256-2AF3E9465CE1}.Release|Any CPU.ActiveCfg = Release|Any CPU
		{F72046EE-518D-485C-B256-2AF3E9465CE1}.Release|Any CPU.Build.0 = Release|Any CPU
	EndGlobalSection
	GlobalSection(SolutionProperties) = preSolution
		HideSolutionNode = FALSE
	EndGlobalSection
	GlobalSection(ExtensibilityGlobals) = postSolution
		SolutionGuid = {1E7D9025-D2B1-413F-99E8-BB7DBE319FF4}
	EndGlobalSection
EndGlobal
