
Microsoft Visual Studio Solution File, Format Version 12.00
# Visual Studio 15
VisualStudioVersion = 15.0.26228.9
MinimumVisualStudioVersion = 10.0.40219.1
Project("{F184B08F-C81C-45F6-A57F-5ABD9991F28F}") = "DotNet3dsToolkit", "DotNet3dsToolkit\DotNet3dsToolkit.vbproj", "{2FB4AA55-C53E-4092-A40D-E797D6084584}"
EndProject
Project("{F184B08F-C81C-45F6-A57F-5ABD9991F28F}") = "ToolkitConsole", "ToolkitConsole\ToolkitConsole.vbproj", "{319C3B52-4F2F-4DFE-B79F-30950CD89AA6}"
EndProject
Project("{2150E333-8FDC-42A3-9474-1A3956D46DE8}") = "Solution Items", "Solution Items", "{8A06ABB2-F37F-4C31-9895-B6DACDFA7F6F}"
	ProjectSection(SolutionItems) = preProject
		.gitattributes = .gitattributes
		.gitignore = .gitignore
		LICENSE = LICENSE
		README.MD = README.MD
	EndProjectSection
EndProject
Project("{F184B08F-C81C-45F6-A57F-5ABD9991F28F}") = "ToolkitForm", "ToolkitForm\ToolkitForm.vbproj", "{BFD6D9E3-6B16-44E9-A778-C57730C5F4C0}"
EndProject
Project("{2150E333-8FDC-42A3-9474-1A3956D46DE8}") = "Tests", "Tests", "{5852D908-9CB2-4019-B3C5-9DB1D803C72B}"
EndProject
Project("{F184B08F-C81C-45F6-A57F-5ABD9991F28F}") = "DotNet3dsToolkit.Tests", "Tests\DotNet3dsToolkit.Tests\DotNet3dsToolkit.Tests.vbproj", "{50A13EDB-7597-48AB-B305-77F0EEB04FE7}"
EndProject
Global
	GlobalSection(SolutionConfigurationPlatforms) = preSolution
		Debug|Any CPU = Debug|Any CPU
		Debug|x64 = Debug|x64
		Debug|x86 = Debug|x86
		Release|Any CPU = Release|Any CPU
		Release|x64 = Release|x64
		Release|x86 = Release|x86
	EndGlobalSection
	GlobalSection(ProjectConfigurationPlatforms) = postSolution
		{2FB4AA55-C53E-4092-A40D-E797D6084584}.Debug|Any CPU.ActiveCfg = Debug|Any CPU
		{2FB4AA55-C53E-4092-A40D-E797D6084584}.Debug|Any CPU.Build.0 = Debug|Any CPU
		{2FB4AA55-C53E-4092-A40D-E797D6084584}.Debug|x64.ActiveCfg = Debug|Any CPU
		{2FB4AA55-C53E-4092-A40D-E797D6084584}.Debug|x64.Build.0 = Debug|Any CPU
		{2FB4AA55-C53E-4092-A40D-E797D6084584}.Debug|x86.ActiveCfg = Debug|Any CPU
		{2FB4AA55-C53E-4092-A40D-E797D6084584}.Debug|x86.Build.0 = Debug|Any CPU
		{2FB4AA55-C53E-4092-A40D-E797D6084584}.Release|Any CPU.ActiveCfg = Release|Any CPU
		{2FB4AA55-C53E-4092-A40D-E797D6084584}.Release|Any CPU.Build.0 = Release|Any CPU
		{2FB4AA55-C53E-4092-A40D-E797D6084584}.Release|x64.ActiveCfg = Release|Any CPU
		{2FB4AA55-C53E-4092-A40D-E797D6084584}.Release|x64.Build.0 = Release|Any CPU
		{2FB4AA55-C53E-4092-A40D-E797D6084584}.Release|x86.ActiveCfg = Release|Any CPU
		{2FB4AA55-C53E-4092-A40D-E797D6084584}.Release|x86.Build.0 = Release|Any CPU
		{319C3B52-4F2F-4DFE-B79F-30950CD89AA6}.Debug|Any CPU.ActiveCfg = Debug|Any CPU
		{319C3B52-4F2F-4DFE-B79F-30950CD89AA6}.Debug|Any CPU.Build.0 = Debug|Any CPU
		{319C3B52-4F2F-4DFE-B79F-30950CD89AA6}.Debug|x64.ActiveCfg = Debug|Any CPU
		{319C3B52-4F2F-4DFE-B79F-30950CD89AA6}.Debug|x64.Build.0 = Debug|Any CPU
		{319C3B52-4F2F-4DFE-B79F-30950CD89AA6}.Debug|x86.ActiveCfg = Debug|Any CPU
		{319C3B52-4F2F-4DFE-B79F-30950CD89AA6}.Debug|x86.Build.0 = Debug|Any CPU
		{319C3B52-4F2F-4DFE-B79F-30950CD89AA6}.Release|Any CPU.ActiveCfg = Release|Any CPU
		{319C3B52-4F2F-4DFE-B79F-30950CD89AA6}.Release|Any CPU.Build.0 = Release|Any CPU
		{319C3B52-4F2F-4DFE-B79F-30950CD89AA6}.Release|x64.ActiveCfg = Release|Any CPU
		{319C3B52-4F2F-4DFE-B79F-30950CD89AA6}.Release|x64.Build.0 = Release|Any CPU
		{319C3B52-4F2F-4DFE-B79F-30950CD89AA6}.Release|x86.ActiveCfg = Release|Any CPU
		{319C3B52-4F2F-4DFE-B79F-30950CD89AA6}.Release|x86.Build.0 = Release|Any CPU
		{BFD6D9E3-6B16-44E9-A778-C57730C5F4C0}.Debug|Any CPU.ActiveCfg = Debug|Any CPU
		{BFD6D9E3-6B16-44E9-A778-C57730C5F4C0}.Debug|Any CPU.Build.0 = Debug|Any CPU
		{BFD6D9E3-6B16-44E9-A778-C57730C5F4C0}.Debug|x64.ActiveCfg = Debug|Any CPU
		{BFD6D9E3-6B16-44E9-A778-C57730C5F4C0}.Debug|x64.Build.0 = Debug|Any CPU
		{BFD6D9E3-6B16-44E9-A778-C57730C5F4C0}.Debug|x86.ActiveCfg = Debug|Any CPU
		{BFD6D9E3-6B16-44E9-A778-C57730C5F4C0}.Debug|x86.Build.0 = Debug|Any CPU
		{BFD6D9E3-6B16-44E9-A778-C57730C5F4C0}.Release|Any CPU.ActiveCfg = Release|Any CPU
		{BFD6D9E3-6B16-44E9-A778-C57730C5F4C0}.Release|Any CPU.Build.0 = Release|Any CPU
		{BFD6D9E3-6B16-44E9-A778-C57730C5F4C0}.Release|x64.ActiveCfg = Release|Any CPU
		{BFD6D9E3-6B16-44E9-A778-C57730C5F4C0}.Release|x64.Build.0 = Release|Any CPU
		{BFD6D9E3-6B16-44E9-A778-C57730C5F4C0}.Release|x86.ActiveCfg = Release|Any CPU
		{BFD6D9E3-6B16-44E9-A778-C57730C5F4C0}.Release|x86.Build.0 = Release|Any CPU
		{50A13EDB-7597-48AB-B305-77F0EEB04FE7}.Debug|Any CPU.ActiveCfg = Debug|Any CPU
		{50A13EDB-7597-48AB-B305-77F0EEB04FE7}.Debug|Any CPU.Build.0 = Debug|Any CPU
		{50A13EDB-7597-48AB-B305-77F0EEB04FE7}.Debug|x64.ActiveCfg = Debug|Any CPU
		{50A13EDB-7597-48AB-B305-77F0EEB04FE7}.Debug|x64.Build.0 = Debug|Any CPU
		{50A13EDB-7597-48AB-B305-77F0EEB04FE7}.Debug|x86.ActiveCfg = Debug|Any CPU
		{50A13EDB-7597-48AB-B305-77F0EEB04FE7}.Debug|x86.Build.0 = Debug|Any CPU
		{50A13EDB-7597-48AB-B305-77F0EEB04FE7}.Release|Any CPU.ActiveCfg = Release|Any CPU
		{50A13EDB-7597-48AB-B305-77F0EEB04FE7}.Release|Any CPU.Build.0 = Release|Any CPU
		{50A13EDB-7597-48AB-B305-77F0EEB04FE7}.Release|x64.ActiveCfg = Release|Any CPU
		{50A13EDB-7597-48AB-B305-77F0EEB04FE7}.Release|x64.Build.0 = Release|Any CPU
		{50A13EDB-7597-48AB-B305-77F0EEB04FE7}.Release|x86.ActiveCfg = Release|Any CPU
		{50A13EDB-7597-48AB-B305-77F0EEB04FE7}.Release|x86.Build.0 = Release|Any CPU
	EndGlobalSection
	GlobalSection(SolutionProperties) = preSolution
		HideSolutionNode = FALSE
	EndGlobalSection
	GlobalSection(NestedProjects) = preSolution
		{50A13EDB-7597-48AB-B305-77F0EEB04FE7} = {5852D908-9CB2-4019-B3C5-9DB1D803C72B}
	EndGlobalSection
EndGlobal
